<?xml version="1.0" encoding="utf-8"?>
<Project ToolsVersion="Current" xmlns="http://schemas.microsoft.com/developer/msbuild/2003">
  <ItemGroup>
    <ClCompile Include="main.cpp" />
    <ClCompile Include="IMGUI\imgui.cpp">
      <Filter>IMGUI</Filter>
    </ClCompile>
    <ClCompile Include="IMGUI\imgui_draw.cpp">
      <Filter>IMGUI</Filter>
    </ClCompile>
    <ClCompile Include="IMGUI\imgui_impl_dx11.cpp">
      <Filter>IMGUI</Filter>
    </ClCompile>
    <ClCompile Include="IMGUI\imgui_impl_win32.cpp">
      <Filter>IMGUI</Filter>
    </ClCompile>
    <ClCompile Include="IMGUI\imgui_tables.cpp">
      <Filter>IMGUI</Filter>
    </ClCompile>
    <ClCompile Include="IMGUI\imgui_widgets.cpp">
      <Filter>IMGUI</Filter>
    </ClCompile>
    <ClCompile Include="IMGUI\imgui_impl_dx9.cpp">
      <Filter>IMGUI</Filter>
    </ClCompile>
    <ClCompile Include="pcileech\vmmdll.cpp" />
    <ClCompile Include="NetConfig\kmboxNet.cpp" />
  </ItemGroup>
  <ItemGroup>
    <ClInclude Include="offsets.hpp" />
    <ClInclude Include="aimbot.hpp" />
    <ClInclude Include="struct.h" />
    <ClInclude Include="IMGUI\imconfig.h">
      <Filter>IMGUI</Filter>
    </ClInclude>
    <ClInclude Include="IMGUI\imgui.h">
      <Filter>IMGUI</Filter>
    </ClInclude>
    <ClInclude Include="IMGUI\imgui_impl_dx11.h">
      <Filter>IMGUI</Filter>
    </ClInclude>
    <ClInclude Include="IMGUI\imgui_impl_win32.h">
      <Filter>IMGUI</Filter>
    </ClInclude>
    <ClInclude Include="IMGUI\imgui_internal.h">
      <Filter>IMGUI</Filter>
    </ClInclude>
    <ClInclude Include="IMGUI\imstb_rectpack.h">
      <Filter>IMGUI</Filter>
    </ClInclude>
    <ClInclude Include="IMGUI\imstb_textedit.h">
      <Filter>IMGUI</Filter>
    </ClInclude>
    <ClInclude Include="IMGUI\imstb_truetype.h">
      <Filter>IMGUI</Filter>
    </ClInclude>
    <ClInclude Include="IMGUI\glfw3.h">
      <Filter>IMGUI</Filter>
    </ClInclude>
    <ClInclude Include="IMGUI\glfw3native.h">
      <Filter>IMGUI</Filter>
    </ClInclude>
    <ClInclude Include="IMGUI\imgui_impl_dx9.h">
      <Filter>IMGUI</Filter>
    </ClInclude>
    <ClInclude Include="IMGUI\Font.h">
      <Filter>IMGUI</Filter>
    </ClInclude>
    <ClInclude Include="msdk\msdk.h" />
    <ClInclude Include="cf.hpp" />
    <ClInclude Include="kmboxb+\kmbox_interface.hpp" />
    <ClInclude Include="NetConfig\HidTable.h" />
    <ClInclude Include="NetConfig\kmboxNet.h" />
    <ClInclude Include="resource.h" />
    <ClInclude Include="resource1.h" />
    <ClInclude Include="encode.h" />
    <ClInclude Include="Cprotect.h" />
  </ItemGroup>
  <ItemGroup>
    <Filter Include="IMGUI">
      <UniqueIdentifier>{a6ec176e-8e3b-4507-9446-5720b00b77fb}</UniqueIdentifier>
    </Filter>
  </ItemGroup>
  <ItemGroup>
    <ResourceCompile Include="cfDMA.rc" />
  </ItemGroup>
  <ItemGroup>
    <Library Include="curl\lib\libcurl_a.lib" />
  </ItemGroup>
</Project>